
Microsoft Visual Studio Solution File, Format Version 12.00
# Visual Studio Version 17
VisualStudioVersion = 17.7.34018.315
MinimumVisualStudioVersion = 10.0.40219.1
Project("{FAE04EC0-301F-11D3-BF4B-00C04F79EFBC}") = "JokesWebApp", "JokesWebApp.csproj", "{FCC497BE-0C02-4925-B8C1-A0E2811DA70C}"
EndProject
Global
	GlobalSection(SolutionConfigurationPlatforms) = preSolution
		Debug|Any CPU = Debug|Any CPU
		Release|Any CPU = Release|Any CPU
	EndGlobalSection
	GlobalSection(ProjectConfigurationPlatforms) = postSolution
		{FCC497BE-0C02-4925-B8C1-A0E2811DA70C}.Debug|Any CPU.ActiveCfg = Debug|Any CPU
		{FCC497BE-0C02-4925-B8C1-A0E2811DA70C}.Debug|Any CPU.Build.0 = Debug|Any CPU
		{FCC497BE-0C02-4925-B8C1-A0E2811DA70C}.Release|Any CPU.ActiveCfg = Release|Any CPU
		{FCC497BE-0C02-4925-B8C1-A0E2811DA70C}.Release|Any CPU.Build.0 = Release|Any CPU
	EndGlobalSection
	GlobalSection(SolutionProperties) = preSolution
		HideSolutionNode = FALSE
	EndGlobalSection
	GlobalSection(ExtensibilityGlobals) = postSolution
		SolutionGuid = {C68BA3D7-C0EE-4EB6-9164-18312DCA693D}
	EndGlobalSection
EndGlobal
